
Microsoft Visual Studio Solution File, Format Version 12.00
# Visual Studio Version 16
VisualStudioVersion = 16.0.31624.102
MinimumVisualStudioVersion = 10.0.40219.1
Project("{FAE04EC0-301F-11D3-BF4B-00C04F79EFBC}") = "lineComp", "lineComp\lineComp.csproj", "{6E73E4E7-8F96-4859-AF60-224C36A1DBCE}"
EndProject
Global
	GlobalSection(SolutionConfigurationPlatforms) = preSolution
		Debug|Any CPU = Debug|Any CPU
		Release|Any CPU = Release|Any CPU
	EndGlobalSection
	GlobalSection(ProjectConfigurationPlatforms) = postSolution
		{6E73E4E7-8F96-4859-AF60-224C36A1DBCE}.Debug|Any CPU.ActiveCfg = Debug|Any CPU
		{6E73E4E7-8F96-4859-AF60-224C36A1DBCE}.Debug|Any CPU.Build.0 = Debug|Any CPU
		{6E73E4E7-8F96-4859-AF60-224C36A1DBCE}.Release|Any CPU.ActiveCfg = Release|Any CPU
		{6E73E4E7-8F96-4859-AF60-224C36A1DBCE}.Release|Any CPU.Build.0 = Release|Any CPU
	EndGlobalSection
	GlobalSection(SolutionProperties) = preSolution
		HideSolutionNode = FALSE
	EndGlobalSection
	GlobalSection(ExtensibilityGlobals) = postSolution
		SolutionGuid = {84229B57-EE2E-4E50-9713-95464B2E773D}
	EndGlobalSection
EndGlobal
